
Microsoft Visual Studio Solution File, Format Version 12.00
# Visual Studio Version 17
VisualStudioVersion = 17.7.34221.43
MinimumVisualStudioVersion = 10.0.40219.1
Project("{FAE04EC0-301F-11D3-BF4B-00C04F79EFBC}") = "VetoresManipulação", "VetoresManipulação\VetoresManipulação.csproj", "{8A1F4FB8-8D79-4927-81A5-9656A0699B47}"
EndProject
Global
	GlobalSection(SolutionConfigurationPlatforms) = preSolution
		Debug|Any CPU = Debug|Any CPU
		Release|Any CPU = Release|Any CPU
	EndGlobalSection
	GlobalSection(ProjectConfigurationPlatforms) = postSolution
		{8A1F4FB8-8D79-4927-81A5-9656A0699B47}.Debug|Any CPU.ActiveCfg = Debug|Any CPU
		{8A1F4FB8-8D79-4927-81A5-9656A0699B47}.Debug|Any CPU.Build.0 = Debug|Any CPU
		{8A1F4FB8-8D79-4927-81A5-9656A0699B47}.Release|Any CPU.ActiveCfg = Release|Any CPU
		{8A1F4FB8-8D79-4927-81A5-9656A0699B47}.Release|Any CPU.Build.0 = Release|Any CPU
	EndGlobalSection
	GlobalSection(SolutionProperties) = preSolution
		HideSolutionNode = FALSE
	EndGlobalSection
	GlobalSection(ExtensibilityGlobals) = postSolution
		SolutionGuid = {F998D552-C8A6-4FDA-94FE-B2EA597E0A9A}
	EndGlobalSection
EndGlobal
